
Microsoft Visual Studio Solution File, Format Version 12.00
# Visual Studio 2013
VisualStudioVersion = 12.0.31101.0
MinimumVisualStudioVersion = 10.0.40219.1
Project("{8BC9CEB8-8B4A-11D0-8D11-00A0C91BC942}") = "lab6ex3", "lab6ex3\lab6ex3.vcxproj", "{D986719F-8B95-469A-B7FF-62F241F2550C}"
EndProject
Project("{8BC9CEB8-8B4A-11D0-8D11-00A0C91BC942}") = "tests", "tests\tests.vcxproj", "{75060343-54F1-4146-8637-2229604117A3}"
EndProject
Global
	GlobalSection(SolutionConfigurationPlatforms) = preSolution
		Debug|Win32 = Debug|Win32
		Release|Win32 = Release|Win32
	EndGlobalSection
	GlobalSection(ProjectConfigurationPlatforms) = postSolution
		{D986719F-8B95-469A-B7FF-62F241F2550C}.Debug|Win32.ActiveCfg = Debug|Win32
		{D986719F-8B95-469A-B7FF-62F241F2550C}.Debug|Win32.Build.0 = Debug|Win32
		{D986719F-8B95-469A-B7FF-62F241F2550C}.Release|Win32.ActiveCfg = Release|Win32
		{D986719F-8B95-469A-B7FF-62F241F2550C}.Release|Win32.Build.0 = Release|Win32
		{75060343-54F1-4146-8637-2229604117A3}.Debug|Win32.ActiveCfg = Debug|Win32
		{75060343-54F1-4146-8637-2229604117A3}.Debug|Win32.Build.0 = Debug|Win32
		{75060343-54F1-4146-8637-2229604117A3}.Release|Win32.ActiveCfg = Release|Win32
		{75060343-54F1-4146-8637-2229604117A3}.Release|Win32.Build.0 = Release|Win32
	EndGlobalSection
	GlobalSection(SolutionProperties) = preSolution
		HideSolutionNode = FALSE
	EndGlobalSection
EndGlobal
